
Microsoft Visual Studio Solution File, Format Version 12.00
# Visual Studio Version 17
VisualStudioVersion = 17.5.002.0
MinimumVisualStudioVersion = 10.0.40219.1
Project("{9A19103F-16F7-4668-BE54-9A1E7A4F7556}") = "Eletricista", "Eletricista.csproj", "{2EA7D375-898D-4CA8-9631-3ECB61E46E4E}"
EndProject
Global
	GlobalSection(SolutionConfigurationPlatforms) = preSolution
		Debug|Any CPU = Debug|Any CPU
		Release|Any CPU = Release|Any CPU
	EndGlobalSection
	GlobalSection(ProjectConfigurationPlatforms) = postSolution
		{2EA7D375-898D-4CA8-9631-3ECB61E46E4E}.Debug|Any CPU.ActiveCfg = Debug|Any CPU
		{2EA7D375-898D-4CA8-9631-3ECB61E46E4E}.Debug|Any CPU.Build.0 = Debug|Any CPU
		{2EA7D375-898D-4CA8-9631-3ECB61E46E4E}.Release|Any CPU.ActiveCfg = Release|Any CPU
		{2EA7D375-898D-4CA8-9631-3ECB61E46E4E}.Release|Any CPU.Build.0 = Release|Any CPU
	EndGlobalSection
	GlobalSection(SolutionProperties) = preSolution
		HideSolutionNode = FALSE
	EndGlobalSection
	GlobalSection(ExtensibilityGlobals) = postSolution
		SolutionGuid = {3C8D46F1-7486-4E51-9729-922F284AEF76}
	EndGlobalSection
EndGlobal
